<?xml version="1.0" encoding="utf-8"?>
<Project ToolsVersion="4.0" xmlns="http://schemas.microsoft.com/developer/msbuild/2003">
  <ItemGroup>
    <Filter Include="Archivos de origen">
      <UniqueIdentifier>{4FC737F1-C7A5-4376-A066-2A32D752A2FF}</UniqueIdentifier>
      <Extensions>cpp;c;cc;cxx;def;odl;idl;hpj;bat;asm;asmx</Extensions>
    </Filter>
    <Filter Include="Archivos de encabezado">
      <UniqueIdentifier>{93995380-89BD-4b04-88EB-625FBE52EBFB}</UniqueIdentifier>
      <Extensions>h;hh;hpp;hxx;hm;inl;inc;xsd</Extensions>
    </Filter>
    <Filter Include="Archivos de recursos">
      <UniqueIdentifier>{67DA6AB6-F800-4c08-8B7A-83BB121AAD01}</UniqueIdentifier>
      <Extensions>rc;ico;cur;bmp;dlg;rc2;rct;bin;rgs;gif;jpg;jpeg;jpe;resx;tiff;tif;png;wav;mfcribbon-ms</Extensions>
    </Filter>
    <Filter Include="Archivos de encabezado\Objetos">
      <UniqueIdentifier>{55440c36-4201-4b0c-85e2-cfa79ac48dc2}</UniqueIdentifier>
    </Filter>
    <Filter Include="Archivos de origen\Objetos">
      <UniqueIdentifier>{8dc6afda-7320-466f-aa39-adeed61d3ca6}</UniqueIdentifier>
    </Filter>
    <Filter Include="Archivos de encabezado\Error">
      <UniqueIdentifier>{6a649ed2-d7bf-46f6-9480-68dd1872cc4e}</UniqueIdentifier>
    </Filter>
    <Filter Include="Archivos de origen\Objetos\Rewards">
      <UniqueIdentifier>{38e681f7-dac9-494e-b39c-33f1f461dc74}</UniqueIdentifier>
    </Filter>
    <Filter Include="Archivos de encabezado\Objetos\Rewards">
      <UniqueIdentifier>{77b20d36-c345-4ae0-a61d-0e23da5c2afa}</UniqueIdentifier>
    </Filter>
  </ItemGroup>
  <ItemGroup>
    <ClCompile Include="Texture.cpp">
      <Filter>Archivos de origen</Filter>
    </ClCompile>
    <ClCompile Include="Game.cpp">
      <Filter>Archivos de origen</Filter>
    </ClCompile>
    <ClCompile Include="Vector2D.cpp">
      <Filter>Archivos de origen</Filter>
    </ClCompile>
    <ClCompile Include="Ball.cpp">
      <Filter>Archivos de origen\Objetos</Filter>
    </ClCompile>
    <ClCompile Include="Block.cpp">
      <Filter>Archivos de origen\Objetos</Filter>
    </ClCompile>
    <ClCompile Include="Wall.cpp">
      <Filter>Archivos de origen\Objetos</Filter>
    </ClCompile>
    <ClCompile Include="BlockMap.cpp">
      <Filter>Archivos de origen\Objetos</Filter>
    </ClCompile>
    <ClCompile Include="Paddle.cpp">
      <Filter>Archivos de origen\Objetos</Filter>
    </ClCompile>
    <ClCompile Include="GameObject.cpp">
      <Filter>Archivos de origen\Objetos</Filter>
    </ClCompile>
    <ClCompile Include="ArkanoidObject.cpp">
      <Filter>Archivos de origen\Objetos</Filter>
    </ClCompile>
    <ClCompile Include="MovingObject.cpp">
      <Filter>Archivos de origen\Objetos</Filter>
    </ClCompile>
    <ClCompile Include="Reward.cpp">
      <Filter>Archivos de origen\Objetos\Rewards</Filter>
    </ClCompile>
    <ClCompile Include="RewardX2.cpp">
      <Filter>Archivos de origen\Objetos\Rewards</Filter>
    </ClCompile>
    <ClCompile Include="RewardX1.cpp">
      <Filter>Archivos de origen\Objetos\Rewards</Filter>
    </ClCompile>
    <ClCompile Include="RewardX3.cpp">
      <Filter>Archivos de origen\Objetos\Rewards</Filter>
    </ClCompile>
    <ClCompile Include="RewardX4.cpp">
      <Filter>Archivos de origen\Objetos\Rewards</Filter>
    </ClCompile>
    <ClCompile Include="main.cpp">
      <Filter>Archivos de origen</Filter>
    </ClCompile>
  </ItemGroup>
  <ItemGroup>
    <ClInclude Include="Texture.h">
      <Filter>Archivos de encabezado</Filter>
    </ClInclude>
    <ClInclude Include="Game.h">
      <Filter>Archivos de encabezado</Filter>
    </ClInclude>
    <ClInclude Include="Vector2D.h">
      <Filter>Archivos de encabezado</Filter>
    </ClInclude>
    <ClInclude Include="Ball.h">
      <Filter>Archivos de encabezado\Objetos</Filter>
    </ClInclude>
    <ClInclude Include="Block.h">
      <Filter>Archivos de encabezado\Objetos</Filter>
    </ClInclude>
    <ClInclude Include="Wall.h">
      <Filter>Archivos de encabezado\Objetos</Filter>
    </ClInclude>
    <ClInclude Include="BlockMap.h">
      <Filter>Archivos de encabezado\Objetos</Filter>
    </ClInclude>
    <ClInclude Include="Paddle.h">
      <Filter>Archivos de encabezado\Objetos</Filter>
    </ClInclude>
    <ClInclude Include="GameObject.h">
      <Filter>Archivos de encabezado\Objetos</Filter>
    </ClInclude>
    <ClInclude Include="ArkanoidObject.h">
      <Filter>Archivos de encabezado\Objetos</Filter>
    </ClInclude>
    <ClInclude Include="MovingObject.h">
      <Filter>Archivos de encabezado\Objetos</Filter>
    </ClInclude>
    <ClInclude Include="ArkanoidError.h">
      <Filter>Archivos de encabezado\Error</Filter>
    </ClInclude>
    <ClInclude Include="SDLError.h">
      <Filter>Archivos de encabezado\Error</Filter>
    </ClInclude>
    <ClInclude Include="FileFormatError.h">
      <Filter>Archivos de encabezado\Error</Filter>
    </ClInclude>
    <ClInclude Include="Reward.h">
      <Filter>Archivos de encabezado\Objetos\Rewards</Filter>
    </ClInclude>
    <ClInclude Include="RewardX2.h">
      <Filter>Archivos de encabezado\Objetos\Rewards</Filter>
    </ClInclude>
    <ClInclude Include="FileNotFoundError.h">
      <Filter>Archivos de encabezado\Error</Filter>
    </ClInclude>
    <ClInclude Include="RewardX1.h">
      <Filter>Archivos de encabezado\Objetos\Rewards</Filter>
    </ClInclude>
    <ClInclude Include="RewardX3.h">
      <Filter>Archivos de encabezado\Objetos\Rewards</Filter>
    </ClInclude>
    <ClInclude Include="RewardX4.h">
      <Filter>Archivos de encabezado\Objetos\Rewards</Filter>
    </ClInclude>
  </ItemGroup>
</Project>